
Microsoft Visual Studio Solution File, Format Version 12.00
# Visual Studio Version 17
VisualStudioVersion = 17.13.35931.197
MinimumVisualStudioVersion = 10.0.40219.1
Project("{FAE04EC0-301F-11D3-BF4B-00C04F79EFBC}") = "SocialMediaMonitoring", "SocialMediaMonitoring\SocialMediaMonitoring.csproj", "{645B6647-B718-4C75-BF4B-B9A6D3D3959D}"
EndProject
Project("{888888A0-9F3D-457C-B088-3A5042F75D52}") = "PythonApi", "PythonApi\PythonApi.pyproj", "{77AC79EF-6A8E-4B56-89C4-DEDB8070B9A3}"
EndProject
Project("{2150E333-8FDC-42A3-9474-1A3956D46DE8}") = "Solution Items", "Solution Items", "{8EC462FD-D22E-90A8-E5CE-7E832BA40C5D}"
	ProjectSection(SolutionItems) = preProject
		docker-compose.yml = docker-compose.yml
	EndProjectSection
EndProject
Global
	GlobalSection(SolutionConfigurationPlatforms) = preSolution
		Debug|Any CPU = Debug|Any CPU
		Release|Any CPU = Release|Any CPU
	EndGlobalSection
	GlobalSection(ProjectConfigurationPlatforms) = postSolution
		{645B6647-B718-4C75-BF4B-B9A6D3D3959D}.Debug|Any CPU.ActiveCfg = Debug|Any CPU
		{645B6647-B718-4C75-BF4B-B9A6D3D3959D}.Debug|Any CPU.Build.0 = Debug|Any CPU
		{645B6647-B718-4C75-BF4B-B9A6D3D3959D}.Release|Any CPU.ActiveCfg = Release|Any CPU
		{645B6647-B718-4C75-BF4B-B9A6D3D3959D}.Release|Any CPU.Build.0 = Release|Any CPU
		{77AC79EF-6A8E-4B56-89C4-DEDB8070B9A3}.Debug|Any CPU.ActiveCfg = Debug|Any CPU
		{77AC79EF-6A8E-4B56-89C4-DEDB8070B9A3}.Release|Any CPU.ActiveCfg = Release|Any CPU
	EndGlobalSection
	GlobalSection(SolutionProperties) = preSolution
		HideSolutionNode = FALSE
	EndGlobalSection
	GlobalSection(ExtensibilityGlobals) = postSolution
		SolutionGuid = {4B6D6C9E-40C5-42AE-93B4-A8AA0E669734}
	EndGlobalSection
EndGlobal
